// !$*UTF8*$!
{
	archiveVersion = 1;
	classes = {
	};
	objectVersion = 52;
	objects = {

/* Begin PBXBuildFile section */
		8B199A3025B6D90E00E9A47A /* AppDelegate.swift in Sources */ = {isa = PBXBuildFile; fileRef = 8B199A2F25B6D90E00E9A47A /* AppDelegate.swift */; };
		8B199A3225B6D90E00E9A47A /* SceneDelegate.swift in Sources */ = {isa = PBXBuildFile; fileRef = 8B199A3125B6D90E00E9A47A /* SceneDelegate.swift */; };
		8B199A3425B6D90E00E9A47A /* ViewController.swift in Sources */ = {isa = PBXBuildFile; fileRef = 8B199A3325B6D90E00E9A47A /* ViewController.swift */; };
		8B199A3725B6D90E00E9A47A /* Main.storyboard in Resources */ = {isa = PBXBuildFile; fileRef = 8B199A3525B6D90E00E9A47A /* Main.storyboard */; };
		8B199A3925B6D90E00E9A47A /* Assets.xcassets in Resources */ = {isa = PBXBuildFile; fileRef = 8B199A3825B6D90E00E9A47A /* Assets.xcassets */; };
		8B199A3C25B6D90E00E9A47A /* LaunchScreen.storyboard in Resources */ = {isa = PBXBuildFile; fileRef = 8B199A3A25B6D90E00E9A47A /* LaunchScreen.storyboard */; };
		8B199BBF25B7227A00E9A47A /* TestPackage in Frameworks */ = {isa = PBXBuildFile; productRef = 8B199BBE25B7227A00E9A47A /* TestPackage */; };
/* End PBXBuildFile section */

/* Begin PBXFileReference section */
		8B199A2C25B6D90E00E9A47A /* test.app */ = {isa = PBXFileReference; explicitFileType = wrapper.application; includeInIndex = 0; path = test.app; sourceTree = BUILT_PRODUCTS_DIR; };
		8B199A2F25B6D90E00E9A47A /* AppDelegate.swift */ = {isa = PBXFileReference; lastKnownFileType = sourcecode.swift; path = AppDelegate.swift; sourceTree = "<group>"; };
		8B199A3125B6D90E00E9A47A /* SceneDelegate.swift */ = {isa = PBXFileReference; lastKnownFileType = sourcecode.swift; path = SceneDelegate.swift; sourceTree = "<group>"; };
		8B199A3325B6D90E00E9A47A /* ViewController.swift */ = {isa = PBXFileReference; lastKnownFileType = sourcecode.swift; path = ViewController.swift; sourceTree = "<group>"; };
		8B199A3625B6D90E00E9A47A /* Base */ = {isa = PBXFileReference; lastKnownFileType = file.storyboard; name = Base; path = Base.lproj/Main.storyboard; sourceTree = "<group>"; };
		8B199A3825B6D90E00E9A47A /* Assets.xcassets */ = {isa = PBXFileReference; lastKnownFileType = folder.assetcatalog; path = Assets.xcassets; sourceTree = "<group>"; };
		8B199A3B25B6D90E00E9A47A /* Base */ = {isa = PBXFileReference; lastKnownFileType = file.storyboard; name = Base; path = Base.lproj/LaunchScreen.storyboard; sourceTree = "<group>"; };
		8B199A3D25B6D90E00E9A47A /* Info.plist */ = {isa = PBXFileReference; lastKnownFileType = text.plist.xml; path = Info.plist; sourceTree = "<group>"; };
		8B199A4425B6D93D00E9A47A /* test-Bridging-Header.h */ = {isa = PBXFileReference; lastKnownFileType = sourcecode.c.h; path = "test-Bridging-Header.h"; sourceTree = "<group>"; };
		8B199A4525B6D93E00E9A47A /* SomeObject.h */ = {isa = PBXFileReference; lastKnownFileType = sourcecode.c.h; path = SomeObject.h; sourceTree = "<group>"; };
		8B199A4625B6D93E00E9A47A /* SomeObject.m */ = {isa = PBXFileReference; lastKnownFileType = sourcecode.c.objc; path = SomeObject.m; sourceTree = "<group>"; };
/* End PBXFileReference section */

/* Begin PBXFrameworksBuildPhase section */
		8B199A2925B6D90E00E9A47A /* Frameworks */ = {
			isa = PBXFrameworksBuildPhase;
			buildActionMask = 2147483647;
			files = (
				8B199BBF25B7227A00E9A47A /* TestPackage in Frameworks */,
			);
			runOnlyForDeploymentPostprocessing = 0;
		};
/* End PBXFrameworksBuildPhase section */

/* Begin PBXGroup section */
		8B199A2325B6D90E00E9A47A = {
			isa = PBXGroup;
			children = (
				8B199A2E25B6D90E00E9A47A /* test */,
				8B199A2D25B6D90E00E9A47A /* Products */,
				8B199BB725B7211E00E9A47A /* Frameworks */,
			);
			sourceTree = "<group>";
		};
		8B199A2D25B6D90E00E9A47A /* Products */ = {
			isa = PBXGroup;
			children = (
				8B199A2C25B6D90E00E9A47A /* test.app */,
			);
			name = Products;
			sourceTree = "<group>";
		};
		8B199A2E25B6D90E00E9A47A /* test */ = {
			isa = PBXGroup;
			children = (
				8B199BBB25B721AB00E9A47A /* Supporting */,
				8B199A3325B6D90E00E9A47A /* ViewController.swift */,
				8B199A4525B6D93E00E9A47A /* SomeObject.h */,
				8B199A4625B6D93E00E9A47A /* SomeObject.m */,
				8B199A4425B6D93D00E9A47A /* test-Bridging-Header.h */,
			);
			path = test;
			sourceTree = "<group>";
		};
		8B199BB725B7211E00E9A47A /* Frameworks */ = {
			isa = PBXGroup;
			children = (
			);
			name = Frameworks;
			sourceTree = "<group>";
		};
		8B199BBB25B721AB00E9A47A /* Supporting */ = {
			isa = PBXGroup;
			children = (
				8B199A2F25B6D90E00E9A47A /* AppDelegate.swift */,
				8B199A3125B6D90E00E9A47A /* SceneDelegate.swift */,
				8B199A3525B6D90E00E9A47A /* Main.storyboard */,
				8B199A3825B6D90E00E9A47A /* Assets.xcassets */,
				8B199A3A25B6D90E00E9A47A /* LaunchScreen.storyboard */,
				8B199A3D25B6D90E00E9A47A /* Info.plist */,
			);
			name = Supporting;
			sourceTree = "<group>";
		};
/* End PBXGroup section */

/* Begin PBXNativeTarget section */
		8B199A2B25B6D90E00E9A47A /* test */ = {
			isa = PBXNativeTarget;
			buildConfigurationList = 8B199A4025B6D90E00E9A47A /* Build configuration list for PBXNativeTarget "test" */;
			buildPhases = (
				8B199A2825B6D90E00E9A47A /* Sources */,
				8B199A2925B6D90E00E9A47A /* Frameworks */,
				8B199A2A25B6D90E00E9A47A /* Resources */,
			);
			buildRules = (
			);
			dependencies = (
			);
			name = test;
			packageProductDependencies = (
				8B199BBE25B7227A00E9A47A /* TestPackage */,
			);
			productName = test;
			productReference = 8B199A2C25B6D90E00E9A47A /* test.app */;
			productType = "com.apple.product-type.application";
		};
/* End PBXNativeTarget section */

/* Begin PBXProject section */
		8B199A2425B6D90E00E9A47A /* Project object */ = {
			isa = PBXProject;
			attributes = {
				LastSwiftUpdateCheck = 1230;
				LastUpgradeCheck = 1230;
				TargetAttributes = {
					8B199A2B25B6D90E00E9A47A = {
						CreatedOnToolsVersion = 12.3;
						LastSwiftMigration = 1230;
					};
				};
			};
			buildConfigurationList = 8B199A2725B6D90E00E9A47A /* Build configuration list for PBXProject "test" */;
			compatibilityVersion = "Xcode 9.3";
			developmentRegion = en;
			hasScannedForEncodings = 0;
			knownRegions = (
				en,
				Base,
			);
			mainGroup = 8B199A2325B6D90E00E9A47A;
			packageReferences = (
				8B199BA925B71F0B00E9A47A /* XCRemoteSwiftPackageReference "PackageExamplePackage" */,
			);
			productRefGroup = 8B199A2D25B6D90E00E9A47A /* Products */;
			projectDirPath = "";
			projectRoot = "";
			targets = (
				8B199A2B25B6D90E00E9A47A /* test */,
			);
		};
/* End PBXProject section */

/* Begin PBXResourcesBuildPhase section */
		8B199A2A25B6D90E00E9A47A /* Resources */ = {
			isa = PBXResourcesBuildPhase;
			buildActionMask = 2147483647;
			files = (
				8B199A3C25B6D90E00E9A47A /* LaunchScreen.storyboard in Resources */,
				8B199A3925B6D90E00E9A47A /* Assets.xcassets in Resources */,
				8B199A3725B6D90E00E9A47A /* Main.storyboard in Resources */,
			);
			runOnlyForDeploymentPostprocessing = 0;
		};
/* End PBXResourcesBuildPhase section */

/* Begin PBXSourcesBuildPhase section */
		8B199A2825B6D90E00E9A47A /* Sources */ = {
			isa = PBXSourcesBuildPhase;
			buildActionMask = 2147483647;
			files = (
				8B199A3425B6D90E00E9A47A /* ViewController.swift in Sources */,
				8B199A3025B6D90E00E9A47A /* AppDelegate.swift in Sources */,
				8B199A3225B6D90E00E9A47A /* SceneDelegate.swift in Sources */,
			);
			runOnlyForDeploymentPostprocessing = 0;
		};
/* End PBXSourcesBuildPhase section */

/* Begin PBXVariantGroup section */
		8B199A3525B6D90E00E9A47A /* Main.storyboard */ = {
			isa = PBXVariantGroup;
			children = (
				8B199A3625B6D90E00E9A47A /* Base */,
			);
			name = Main.storyboard;
			sourceTree = "<group>";
		};
		8B199A3A25B6D90E00E9A47A /* LaunchScreen.storyboard */ = {
			isa = PBXVariantGroup;
			children = (
				8B199A3B25B6D90E00E9A47A /* Base */,
			);
			name = LaunchScreen.storyboard;
			sourceTree = "<group>";
		};
/* End PBXVariantGroup section */

/* Begin XCBuildConfiguration section */
		8B199A3E25B6D90E00E9A47A /* Debug */ = {
			isa = XCBuildConfiguration;
			buildSettings = {
				ALWAYS_SEARCH_USER_PATHS = NO;
				CLANG_ANALYZER_NONNULL = YES;
				CLANG_ANALYZER_NUMBER_OBJECT_CONVERSION = YES_AGGRESSIVE;
				CLANG_CXX_LANGUAGE_STANDARD = "gnu++14";
				CLANG_CXX_LIBRARY = "libc++";
				CLANG_ENABLE_MODULES = YES;
				CLANG_ENABLE_OBJC_ARC = YES;
				CLANG_ENABLE_OBJC_WEAK = YES;
				CLANG_WARN_BLOCK_CAPTURE_AUTORELEASING = YES;
				CLANG_WARN_BOOL_CONVERSION = YES;
				CLANG_WARN_COMMA = YES;
				CLANG_WARN_CONSTANT_CONVERSION = YES;
				CLANG_WARN_DEPRECATED_OBJC_IMPLEMENTATIONS = YES;
				CLANG_WARN_DIRECT_OBJC_ISA_USAGE = YES_ERROR;
				CLANG_WARN_DOCUMENTATION_COMMENTS = YES;
				CLANG_WARN_EMPTY_BODY = YES;
				CLANG_WARN_ENUM_CONVERSION = YES;
				CLANG_WARN_INFINITE_RECURSION = YES;
				CLANG_WARN_INT_CONVERSION = YES;
				CLANG_WARN_NON_LITERAL_NULL_CONVERSION = YES;
				CLANG_WARN_OBJC_IMPLICIT_RETAIN_SELF = YES;
				CLANG_WARN_OBJC_LITERAL_CONVERSION = YES;
				CLANG_WARN_OBJC_ROOT_CLASS = YES_ERROR;
				CLANG_WARN_QUOTED_INCLUDE_IN_FRAMEWORK_HEADER = YES;
				CLANG_WARN_RANGE_LOOP_ANALYSIS = YES;
				CLANG_WARN_STRICT_PROTOTYPES = YES;
				CLANG_WARN_SUSPICIOUS_MOVE = YES;
				CLANG_WARN_UNGUARDED_AVAILABILITY = YES_AGGRESSIVE;
				CLANG_WARN_UNREACHABLE_CODE = YES;
				CLANG_WARN__DUPLICATE_METHOD_MATCH = YES;
				COPY_PHASE_STRIP = NO;
				DEBUG_INFORMATION_FORMAT = dwarf;
				ENABLE_STRICT_OBJC_MSGSEND = YES;
				ENABLE_TESTABILITY = YES;
				GCC_C_LANGUAGE_STANDARD = gnu11;
				GCC_DYNAMIC_NO_PIC = NO;
				GCC_NO_COMMON_BLOCKS = YES;
				GCC_OPTIMIZATION_LEVEL = 0;
				GCC_PREPROCESSOR_DEFINITIONS = (
					"DEBUG=1",
					"$(inherited)",
				);
				GCC_WARN_64_TO_32_BIT_CONVERSION = YES;
				GCC_WARN_ABOUT_RETURN_TYPE = YES_ERROR;
				GCC_WARN_UNDECLARED_SELECTOR = YES;
				GCC_WARN_UNINITIALIZED_AUTOS = YES_AGGRESSIVE;
				GCC_WARN_UNUSED_FUNCTION = YES;
				GCC_WARN_UNUSED_VARIABLE = YES;
				IPHONEOS_DEPLOYMENT_TARGET = 14.3;
				MTL_ENABLE_DEBUG_INFO = INCLUDE_SOURCE;
				MTL_FAST_MATH = YES;
				ONLY_ACTIVE_ARCH = YES;
				SDKROOT = iphoneos;
				SWIFT_ACTIVE_COMPILATION_CONDITIONS = DEBUG;
				SWIFT_OPTIMIZATION_LEVEL = "-Onone";
			};
			name = Debug;
		};
		8B199A3F25B6D90E00E9A47A /* Release */ = {
			isa = XCBuildConfiguration;
			buildSettings = {
				ALWAYS_SEARCH_USER_PATHS = NO;
				CLANG_ANALYZER_NONNULL = YES;
				CLANG_ANALYZER_NUMBER_OBJECT_CONVERSION = YES_AGGRESSIVE;
				CLANG_CXX_LANGUAGE_STANDARD = "gnu++14";
				CLANG_CXX_LIBRARY = "libc++";
				CLANG_ENABLE_MODULES = YES;
				CLANG_ENABLE_OBJC_ARC = YES;
				CLANG_ENABLE_OBJC_WEAK = YES;
				CLANG_WARN_BLOCK_CAPTURE_AUTORELEASING = YES;
				CLANG_WARN_BOOL_CONVERSION = YES;
				CLANG_WARN_COMMA = YES;
				CLANG_WARN_CONSTANT_CONVERSION = YES;
				CLANG_WARN_DEPRECATED_OBJC_IMPLEMENTATIONS = YES;
				CLANG_WARN_DIRECT_OBJC_ISA_USAGE = YES_ERROR;
				CLANG_WARN_DOCUMENTATION_COMMENTS = YES;
				CLANG_WARN_EMPTY_BODY = YES;
				CLANG_WARN_ENUM_CONVERSION = YES;
				CLANG_WARN_INFINITE_RECURSION = YES;
				CLANG_WARN_INT_CONVERSION = YES;
				CLANG_WARN_NON_LITERAL_NULL_CONVERSION = YES;
				CLANG_WARN_OBJC_IMPLICIT_RETAIN_SELF = YES;
				CLANG_WARN_OBJC_LITERAL_CONVERSION = YES;
				CLANG_WARN_OBJC_ROOT_CLASS = YES_ERROR;
				CLANG_WARN_QUOTED_INCLUDE_IN_FRAMEWORK_HEADER = YES;
				CLANG_WARN_RANGE_LOOP_ANALYSIS = YES;
				CLANG_WARN_STRICT_PROTOTYPES = YES;
				CLANG_WARN_SUSPICIOUS_MOVE = YES;
				CLANG_WARN_UNGUARDED_AVAILABILITY = YES_AGGRESSIVE;
				CLANG_WARN_UNREACHABLE_CODE = YES;
				CLANG_WARN__DUPLICATE_METHOD_MATCH = YES;
				COPY_PHASE_STRIP = NO;
				DEBUG_INFORMATION_FORMAT = "dwarf-with-dsym";
				ENABLE_NS_ASSERTIONS = NO;
				ENABLE_STRICT_OBJC_MSGSEND = YES;
				GCC_C_LANGUAGE_STANDARD = gnu11;
				GCC_NO_COMMON_BLOCKS = YES;
				GCC_WARN_64_TO_32_BIT_CONVERSION = YES;
				GCC_WARN_ABOUT_RETURN_TYPE = YES_ERROR;
				GCC_WARN_UNDECLARED_SELECTOR = YES;
				GCC_WARN_UNINITIALIZED_AUTOS = YES_AGGRESSIVE;
				GCC_WARN_UNUSED_FUNCTION = YES;
				GCC_WARN_UNUSED_VARIABLE = YES;
				IPHONEOS_DEPLOYMENT_TARGET = 14.3;
				MTL_ENABLE_DEBUG_INFO = NO;
				MTL_FAST_MATH = YES;
				SDKROOT = iphoneos;
				SWIFT_COMPILATION_MODE = wholemodule;
				SWIFT_OPTIMIZATION_LEVEL = "-O";
				VALIDATE_PRODUCT = YES;
			};
			name = Release;
		};
		8B199A4125B6D90E00E9A47A /* Debug */ = {
			isa = XCBuildConfiguration;
			buildSettings = {
				ASSETCATALOG_COMPILER_APPICON_NAME = AppIcon;
				ASSETCATALOG_COMPILER_GLOBAL_ACCENT_COLOR_NAME = AccentColor;
				CLANG_ENABLE_MODULES = YES;
				CODE_SIGN_STYLE = Automatic;
				DEVELOPMENT_TEAM = "";
				INFOPLIST_FILE = test/Info.plist;
				LD_RUNPATH_SEARCH_PATHS = (
					"$(inherited)",
					"@executable_path/Frameworks",
				);
				PRODUCT_BUNDLE_IDENTIFIER = com.cameroncooke.packageexample;
				PRODUCT_NAME = "$(TARGET_NAME)";
				SWIFT_OBJC_BRIDGING_HEADER = "test/test-Bridging-Header.h";
				SWIFT_OPTIMIZATION_LEVEL = "-Onone";
				SWIFT_VERSION = 5.0;
				TARGETED_DEVICE_FAMILY = "1,2";
			};
			name = Debug;
		};
		8B199A4225B6D90E00E9A47A /* Release */ = {
			isa = XCBuildConfiguration;
			buildSettings = {
				ASSETCATALOG_COMPILER_APPICON_NAME = AppIcon;
				ASSETCATALOG_COMPILER_GLOBAL_ACCENT_COLOR_NAME = AccentColor;
				CLANG_ENABLE_MODULES = YES;
				CODE_SIGN_STYLE = Automatic;
				DEVELOPMENT_TEAM = "";
				INFOPLIST_FILE = test/Info.plist;
				LD_RUNPATH_SEARCH_PATHS = (
					"$(inherited)",
					"@executable_path/Frameworks",
				);
				PRODUCT_BUNDLE_IDENTIFIER = com.cameroncooke.packageexample;
				PRODUCT_NAME = "$(TARGET_NAME)";
				SWIFT_OBJC_BRIDGING_HEADER = "test/test-Bridging-Header.h";
				SWIFT_VERSION = 5.0;
				TARGETED_DEVICE_FAMILY = "1,2";
			};
			name = Release;
		};
/* End XCBuildConfiguration section */

/* Begin XCConfigurationList section */
		8B199A2725B6D90E00E9A47A /* Build configuration list for PBXProject "test" */ = {
			isa = XCConfigurationList;
			buildConfigurations = (
				8B199A3E25B6D90E00E9A47A /* Debug */,
				8B199A3F25B6D90E00E9A47A /* Release */,
			);
			defaultConfigurationIsVisible = 0;
			defaultConfigurationName = Release;
		};
		8B199A4025B6D90E00E9A47A /* Build configuration list for PBXNativeTarget "test" */ = {
			isa = XCConfigurationList;
			buildConfigurations = (
				8B199A4125B6D90E00E9A47A /* Debug */,
				8B199A4225B6D90E00E9A47A /* Release */,
			);
			defaultConfigurationIsVisible = 0;
			defaultConfigurationName = Release;
		};
/* End XCConfigurationList section */

/* Begin XCRemoteSwiftPackageReference section */
		8B199BA925B71F0B00E9A47A /* XCRemoteSwiftPackageReference "PackageExamplePackage" */ = {
			isa = XCRemoteSwiftPackageReference;
			repositoryURL = "git@github.com:cameroncooke/PackageExamplePackage.git";
			requirement = {
				branch = master;
				kind = branch;
			};
		};
/* End XCRemoteSwiftPackageReference section */

/* Begin XCSwiftPackageProductDependency section */
		8B199BBE25B7227A00E9A47A /* TestPackage */ = {
			isa = XCSwiftPackageProductDependency;
			package = 8B199BA925B71F0B00E9A47A /* XCRemoteSwiftPackageReference "PackageExamplePackage" */;
			productName = TestPackage;
		};
/* End XCSwiftPackageProductDependency section */
	};
	rootObject = 8B199A2425B6D90E00E9A47A /* Project object */;
}
